
Microsoft Visual Studio Solution File, Format Version 12.00
# Visual Studio Version 16
VisualStudioVersion = 16.0.32228.343
MinimumVisualStudioVersion = 10.0.40219.1
Project("{FAE04EC0-301F-11D3-BF4B-00C04F79EFBC}") = "NUnit", "NUnit\NUnit.csproj", "{BE100A05-6D3F-43FE-A61F-C7ABB4379E79}"
EndProject
Project("{FAE04EC0-301F-11D3-BF4B-00C04F79EFBC}") = "NUnitTests", "NUnitTests\NUnitTests.csproj", "{B1F24A3E-540D-4780-BBFC-06E7083275BB}"
EndProject
Global
	GlobalSection(SolutionConfigurationPlatforms) = preSolution
		Debug|Any CPU = Debug|Any CPU
		Release|Any CPU = Release|Any CPU
	EndGlobalSection
	GlobalSection(ProjectConfigurationPlatforms) = postSolution
		{BE100A05-6D3F-43FE-A61F-C7ABB4379E79}.Debug|Any CPU.ActiveCfg = Debug|Any CPU
		{BE100A05-6D3F-43FE-A61F-C7ABB4379E79}.Debug|Any CPU.Build.0 = Debug|Any CPU
		{BE100A05-6D3F-43FE-A61F-C7ABB4379E79}.Release|Any CPU.ActiveCfg = Release|Any CPU
		{BE100A05-6D3F-43FE-A61F-C7ABB4379E79}.Release|Any CPU.Build.0 = Release|Any CPU
		{B1F24A3E-540D-4780-BBFC-06E7083275BB}.Debug|Any CPU.ActiveCfg = Debug|Any CPU
		{B1F24A3E-540D-4780-BBFC-06E7083275BB}.Debug|Any CPU.Build.0 = Debug|Any CPU
		{B1F24A3E-540D-4780-BBFC-06E7083275BB}.Release|Any CPU.ActiveCfg = Release|Any CPU
		{B1F24A3E-540D-4780-BBFC-06E7083275BB}.Release|Any CPU.Build.0 = Release|Any CPU
	EndGlobalSection
	GlobalSection(SolutionProperties) = preSolution
		HideSolutionNode = FALSE
	EndGlobalSection
	GlobalSection(ExtensibilityGlobals) = postSolution
		SolutionGuid = {EE84B317-14D7-46D0-98AC-5434283DEABF}
	EndGlobalSection
EndGlobal
